
Microsoft Visual Studio Solution File, Format Version 12.00
# Visual Studio Version 16
VisualStudioVersion = 16.0.32126.315
MinimumVisualStudioVersion = 10.0.40219.1
Project("{9A19103F-16F7-4668-BE54-9A1E7A4F7556}") = "Web_Common", "Web.Common\Web_Common.csproj", "{2267B326-97E1-4823-AFC4-39D4B5F38DC3}"
EndProject
Project("{9A19103F-16F7-4668-BE54-9A1E7A4F7556}") = "Web_Business", "Web.Business\Web_Business.csproj", "{83080AC7-B6BA-48CB-9A18-A9047AA53A71}"
EndProject
Project("{9A19103F-16F7-4668-BE54-9A1E7A4F7556}") = "Web_Data", "Web.Data\Web_Data.csproj", "{7539C40D-3174-40C2-A7DC-31AF12836216}"
EndProject
Project("{9A19103F-16F7-4668-BE54-9A1E7A4F7556}") = "Web_API_v1", "Web.API.v1\Web_API_v1.csproj", "{AFA06FBC-8309-4A08-9498-4F415E15D875}"
EndProject
Project("{9A19103F-16F7-4668-BE54-9A1E7A4F7556}") = "ConsoleApp1", "ConsoleApp1\ConsoleApp1.csproj", "{351E2276-03D8-43F4-9E51-9A38BBEA4399}"
EndProject
Global
	GlobalSection(SolutionConfigurationPlatforms) = preSolution
		Debug|Any CPU = Debug|Any CPU
		Release|Any CPU = Release|Any CPU
	EndGlobalSection
	GlobalSection(ProjectConfigurationPlatforms) = postSolution
		{2267B326-97E1-4823-AFC4-39D4B5F38DC3}.Debug|Any CPU.ActiveCfg = Debug|Any CPU
		{2267B326-97E1-4823-AFC4-39D4B5F38DC3}.Debug|Any CPU.Build.0 = Debug|Any CPU
		{2267B326-97E1-4823-AFC4-39D4B5F38DC3}.Release|Any CPU.ActiveCfg = Release|Any CPU
		{2267B326-97E1-4823-AFC4-39D4B5F38DC3}.Release|Any CPU.Build.0 = Release|Any CPU
		{83080AC7-B6BA-48CB-9A18-A9047AA53A71}.Debug|Any CPU.ActiveCfg = Debug|Any CPU
		{83080AC7-B6BA-48CB-9A18-A9047AA53A71}.Debug|Any CPU.Build.0 = Debug|Any CPU
		{83080AC7-B6BA-48CB-9A18-A9047AA53A71}.Release|Any CPU.ActiveCfg = Release|Any CPU
		{83080AC7-B6BA-48CB-9A18-A9047AA53A71}.Release|Any CPU.Build.0 = Release|Any CPU
		{7539C40D-3174-40C2-A7DC-31AF12836216}.Debug|Any CPU.ActiveCfg = Debug|Any CPU
		{7539C40D-3174-40C2-A7DC-31AF12836216}.Debug|Any CPU.Build.0 = Debug|Any CPU
		{7539C40D-3174-40C2-A7DC-31AF12836216}.Release|Any CPU.ActiveCfg = Release|Any CPU
		{7539C40D-3174-40C2-A7DC-31AF12836216}.Release|Any CPU.Build.0 = Release|Any CPU
		{AFA06FBC-8309-4A08-9498-4F415E15D875}.Debug|Any CPU.ActiveCfg = Debug|Any CPU
		{AFA06FBC-8309-4A08-9498-4F415E15D875}.Debug|Any CPU.Build.0 = Debug|Any CPU
		{AFA06FBC-8309-4A08-9498-4F415E15D875}.Release|Any CPU.ActiveCfg = Release|Any CPU
		{AFA06FBC-8309-4A08-9498-4F415E15D875}.Release|Any CPU.Build.0 = Release|Any CPU
		{351E2276-03D8-43F4-9E51-9A38BBEA4399}.Debug|Any CPU.ActiveCfg = Debug|Any CPU
		{351E2276-03D8-43F4-9E51-9A38BBEA4399}.Debug|Any CPU.Build.0 = Debug|Any CPU
		{351E2276-03D8-43F4-9E51-9A38BBEA4399}.Release|Any CPU.ActiveCfg = Release|Any CPU
		{351E2276-03D8-43F4-9E51-9A38BBEA4399}.Release|Any CPU.Build.0 = Release|Any CPU
	EndGlobalSection
	GlobalSection(SolutionProperties) = preSolution
		HideSolutionNode = FALSE
	EndGlobalSection
	GlobalSection(ExtensibilityGlobals) = postSolution
		SolutionGuid = {6BDE78FB-116A-4339-8957-27C7FB0387CB}
	EndGlobalSection
EndGlobal
